{
  "name": "howto",
  "lockfileVersion": 3,
  "requires": true,
  "packages": {
    "": {
      "dependencies": {
        "create-cloudflare": "^2.8.4"
      }
    },
    "node_modules/create-cloudflare": {
      "version": "2.8.4",
      "resolved": "https://registry.npmjs.org/create-cloudflare/-/create-cloudflare-2.8.4.tgz",
      "integrity": "sha512-YUQaAUN3Fw96nu+PmGQRNYXSc/SwstlQbvhiC1i46/++kB9mbkBuLR7HW/Of3tyDu7S8fs0NuT6fZG2AYIGipQ==",
      "bin": {
        "create-cloudflare": "dist/cli.js"
      },
      "engines": {
        "node": ">=18.14.1"
      }
    }
  }
}
